
Microsoft Visual Studio Solution File, Format Version 11.00
# Visual Studio 2010
Project("{8BC9CEB8-8B4A-11D0-8D11-00A0C91BC942}") = "DFS", "DFS\DFS.vcxproj", "{ADFD6E67-7B0C-4EE0-BAEC-51DB20C44DA1}"
EndProject
Global
	GlobalSection(SolutionConfigurationPlatforms) = preSolution
		Debug|Win32 = Debug|Win32
		Release|Win32 = Release|Win32
	EndGlobalSection
	GlobalSection(ProjectConfigurationPlatforms) = postSolution
		{ADFD6E67-7B0C-4EE0-BAEC-51DB20C44DA1}.Debug|Win32.ActiveCfg = Debug|Win32
		{ADFD6E67-7B0C-4EE0-BAEC-51DB20C44DA1}.Debug|Win32.Build.0 = Debug|Win32
		{ADFD6E67-7B0C-4EE0-BAEC-51DB20C44DA1}.Release|Win32.ActiveCfg = Release|Win32
		{ADFD6E67-7B0C-4EE0-BAEC-51DB20C44DA1}.Release|Win32.Build.0 = Release|Win32
	EndGlobalSection
	GlobalSection(SolutionProperties) = preSolution
		HideSolutionNode = FALSE
	EndGlobalSection
EndGlobal
